// !$*UTF8*$!
{
	archiveVersion = 1;
	classes = {
	};
	objectVersion = 56;
	objects = {

/* Begin PBXBuildFile section */
		8112FD832C7CEE8700E0B4B7 /* AppDelegate.swift in Sources */ = {isa = PBXBuildFile; fileRef = 8112FD822C7CEE8700E0B4B7 /* AppDelegate.swift */; };
		8112FD852C7CEE8700E0B4B7 /* SceneDelegate.swift in Sources */ = {isa = PBXBuildFile; fileRef = 8112FD842C7CEE8700E0B4B7 /* SceneDelegate.swift */; };
		8112FD8C2C7CEE8900E0B4B7 /* Assets.xcassets in Resources */ = {isa = PBXBuildFile; fileRef = 8112FD8B2C7CEE8900E0B4B7 /* Assets.xcassets */; };
		8112FD8F2C7CEE8900E0B4B7 /* Base in Resources */ = {isa = PBXBuildFile; fileRef = 8112FD8E2C7CEE8900E0B4B7 /* Base */; };
		8140CA142C7D166300E54334 /* WeatherDataClient.swift in Sources */ = {isa = PBXBuildFile; fileRef = 8140CA132C7D166300E54334 /* WeatherDataClient.swift */; };
		8140CA172C7D16E000E54334 /* WeatherCard.swift in Sources */ = {isa = PBXBuildFile; fileRef = 8140CA162C7D16E000E54334 /* WeatherCard.swift */; };
		8140CA1A2C7D1AEF00E54334 /* WeatherData.swift in Sources */ = {isa = PBXBuildFile; fileRef = 8140CA192C7D1AEF00E54334 /* WeatherData.swift */; };
		8140CA1C2C7D23F800E54334 /* WeatherDetailsViewController.swift in Sources */ = {isa = PBXBuildFile; fileRef = 8140CA1B2C7D23F700E54334 /* WeatherDetailsViewController.swift */; };
		8140CA1F2C7E613600E54334 /* APIError.swift in Sources */ = {isa = PBXBuildFile; fileRef = 8140CA1E2C7E613600E54334 /* APIError.swift */; };
		81DD6D942C7CF3C400520934 /* WeatherSearchViewController.swift in Sources */ = {isa = PBXBuildFile; fileRef = 8112FD862C7CEE8700E0B4B7 /* WeatherSearchViewController.swift */; };
		81DD6D972C7CFA9400520934 /* WeatherSearchViewModel.swift in Sources */ = {isa = PBXBuildFile; fileRef = 81DD6D962C7CFA9400520934 /* WeatherSearchViewModel.swift */; };
		81DD6D9C2C7D085100520934 /* LaunchScreen.storyboard in Resources */ = {isa = PBXBuildFile; fileRef = 8112FD8D2C7CEE8900E0B4B7 /* LaunchScreen.storyboard */; };
/* End PBXBuildFile section */

/* Begin PBXFileReference section */
		8112FD7F2C7CEE8700E0B4B7 /* WeatherApp.app */ = {isa = PBXFileReference; explicitFileType = wrapper.application; includeInIndex = 0; path = WeatherApp.app; sourceTree = BUILT_PRODUCTS_DIR; };
		8112FD822C7CEE8700E0B4B7 /* AppDelegate.swift */ = {isa = PBXFileReference; lastKnownFileType = sourcecode.swift; path = AppDelegate.swift; sourceTree = "<group>"; };
		8112FD842C7CEE8700E0B4B7 /* SceneDelegate.swift */ = {isa = PBXFileReference; lastKnownFileType = sourcecode.swift; path = SceneDelegate.swift; sourceTree = "<group>"; };
		8112FD862C7CEE8700E0B4B7 /* WeatherSearchViewController.swift */ = {isa = PBXFileReference; lastKnownFileType = sourcecode.swift; path = WeatherSearchViewController.swift; sourceTree = "<group>"; };
		8112FD8B2C7CEE8900E0B4B7 /* Assets.xcassets */ = {isa = PBXFileReference; lastKnownFileType = folder.assetcatalog; path = Assets.xcassets; sourceTree = "<group>"; };
		8112FD8E2C7CEE8900E0B4B7 /* Base */ = {isa = PBXFileReference; lastKnownFileType = file.storyboard; name = Base; path = Base.lproj/LaunchScreen.storyboard; sourceTree = "<group>"; };
		8112FD902C7CEE8900E0B4B7 /* Info.plist */ = {isa = PBXFileReference; lastKnownFileType = text.plist.xml; path = Info.plist; sourceTree = "<group>"; };
		8140CA132C7D166300E54334 /* WeatherDataClient.swift */ = {isa = PBXFileReference; lastKnownFileType = sourcecode.swift; path = WeatherDataClient.swift; sourceTree = "<group>"; };
		8140CA162C7D16E000E54334 /* WeatherCard.swift */ = {isa = PBXFileReference; lastKnownFileType = sourcecode.swift; path = WeatherCard.swift; sourceTree = "<group>"; };
		8140CA192C7D1AEF00E54334 /* WeatherData.swift */ = {isa = PBXFileReference; lastKnownFileType = sourcecode.swift; path = WeatherData.swift; sourceTree = "<group>"; };
		8140CA1B2C7D23F700E54334 /* WeatherDetailsViewController.swift */ = {isa = PBXFileReference; lastKnownFileType = sourcecode.swift; path = WeatherDetailsViewController.swift; sourceTree = "<group>"; };
		8140CA1E2C7E613600E54334 /* APIError.swift */ = {isa = PBXFileReference; lastKnownFileType = sourcecode.swift; path = APIError.swift; sourceTree = "<group>"; };
		81DD6D962C7CFA9400520934 /* WeatherSearchViewModel.swift */ = {isa = PBXFileReference; lastKnownFileType = sourcecode.swift; path = WeatherSearchViewModel.swift; sourceTree = "<group>"; };
/* End PBXFileReference section */

/* Begin PBXFrameworksBuildPhase section */
		8112FD7C2C7CEE8700E0B4B7 /* Frameworks */ = {
			isa = PBXFrameworksBuildPhase;
			buildActionMask = 2147483647;
			files = (
			);
			runOnlyForDeploymentPostprocessing = 0;
		};
/* End PBXFrameworksBuildPhase section */

/* Begin PBXGroup section */
		8112FD762C7CEE8700E0B4B7 = {
			isa = PBXGroup;
			children = (
				8112FD812C7CEE8700E0B4B7 /* WeatherApp */,
				8112FD802C7CEE8700E0B4B7 /* Products */,
			);
			sourceTree = "<group>";
		};
		8112FD802C7CEE8700E0B4B7 /* Products */ = {
			isa = PBXGroup;
			children = (
				8112FD7F2C7CEE8700E0B4B7 /* WeatherApp.app */,
			);
			name = Products;
			sourceTree = "<group>";
		};
		8112FD812C7CEE8700E0B4B7 /* WeatherApp */ = {
			isa = PBXGroup;
			children = (
				8140CA112C7D163900E54334 /* Utils */,
				8112FD982C7CF25F00E0B4B7 /* Features */,
				8112FD822C7CEE8700E0B4B7 /* AppDelegate.swift */,
				8112FD842C7CEE8700E0B4B7 /* SceneDelegate.swift */,
				8112FD8B2C7CEE8900E0B4B7 /* Assets.xcassets */,
				8112FD8D2C7CEE8900E0B4B7 /* LaunchScreen.storyboard */,
				8112FD902C7CEE8900E0B4B7 /* Info.plist */,
			);
			path = WeatherApp;
			sourceTree = "<group>";
		};
		8112FD982C7CF25F00E0B4B7 /* Features */ = {
			isa = PBXGroup;
			children = (
				8140CA152C7D16A200E54334 /* WeatherDetails */,
				8112FD992C7CF26800E0B4B7 /* WeatherSearch */,
			);
			path = Features;
			sourceTree = "<group>";
		};
		8112FD992C7CF26800E0B4B7 /* WeatherSearch */ = {
			isa = PBXGroup;
			children = (
				8112FD862C7CEE8700E0B4B7 /* WeatherSearchViewController.swift */,
				81DD6D962C7CFA9400520934 /* WeatherSearchViewModel.swift */,
			);
			path = WeatherSearch;
			sourceTree = "<group>";
		};
		8140CA112C7D163900E54334 /* Utils */ = {
			isa = PBXGroup;
			children = (
				8140CA182C7D1AC300E54334 /* Entities */,
				8140CA122C7D164400E54334 /* ApiService */,
			);
			path = Utils;
			sourceTree = "<group>";
		};
		8140CA122C7D164400E54334 /* ApiService */ = {
			isa = PBXGroup;
			children = (
				8140CA132C7D166300E54334 /* WeatherDataClient.swift */,
				8140CA1E2C7E613600E54334 /* APIError.swift */,
			);
			path = ApiService;
			sourceTree = "<group>";
		};
		8140CA152C7D16A200E54334 /* WeatherDetails */ = {
			isa = PBXGroup;
			children = (
				8140CA162C7D16E000E54334 /* WeatherCard.swift */,
				8140CA1B2C7D23F700E54334 /* WeatherDetailsViewController.swift */,
			);
			path = WeatherDetails;
			sourceTree = "<group>";
		};
		8140CA182C7D1AC300E54334 /* Entities */ = {
			isa = PBXGroup;
			children = (
				8140CA192C7D1AEF00E54334 /* WeatherData.swift */,
			);
			path = Entities;
			sourceTree = "<group>";
		};
/* End PBXGroup section */

/* Begin PBXNativeTarget section */
		8112FD7E2C7CEE8700E0B4B7 /* WeatherApp */ = {
			isa = PBXNativeTarget;
			buildConfigurationList = 8112FD932C7CEE8900E0B4B7 /* Build configuration list for PBXNativeTarget "WeatherApp" */;
			buildPhases = (
				8112FD7B2C7CEE8700E0B4B7 /* Sources */,
				8112FD7C2C7CEE8700E0B4B7 /* Frameworks */,
				8112FD7D2C7CEE8700E0B4B7 /* Resources */,
			);
			buildRules = (
			);
			dependencies = (
			);
			name = WeatherApp;
			productName = WeatherApp;
			productReference = 8112FD7F2C7CEE8700E0B4B7 /* WeatherApp.app */;
			productType = "com.apple.product-type.application";
		};
/* End PBXNativeTarget section */

/* Begin PBXProject section */
		8112FD772C7CEE8700E0B4B7 /* Project object */ = {
			isa = PBXProject;
			attributes = {
				BuildIndependentTargetsInParallel = 1;
				LastSwiftUpdateCheck = 1540;
				LastUpgradeCheck = 1540;
				TargetAttributes = {
					8112FD7E2C7CEE8700E0B4B7 = {
						CreatedOnToolsVersion = 15.4;
					};
				};
			};
			buildConfigurationList = 8112FD7A2C7CEE8700E0B4B7 /* Build configuration list for PBXProject "WeatherApp" */;
			compatibilityVersion = "Xcode 14.0";
			developmentRegion = en;
			hasScannedForEncodings = 0;
			knownRegions = (
				en,
				Base,
			);
			mainGroup = 8112FD762C7CEE8700E0B4B7;
			productRefGroup = 8112FD802C7CEE8700E0B4B7 /* Products */;
			projectDirPath = "";
			projectRoot = "";
			targets = (
				8112FD7E2C7CEE8700E0B4B7 /* WeatherApp */,
			);
		};
/* End PBXProject section */

/* Begin PBXResourcesBuildPhase section */
		8112FD7D2C7CEE8700E0B4B7 /* Resources */ = {
			isa = PBXResourcesBuildPhase;
			buildActionMask = 2147483647;
			files = (
				81DD6D9C2C7D085100520934 /* LaunchScreen.storyboard in Resources */,
				8112FD8C2C7CEE8900E0B4B7 /* Assets.xcassets in Resources */,
				8112FD8F2C7CEE8900E0B4B7 /* Base in Resources */,
			);
			runOnlyForDeploymentPostprocessing = 0;
		};
/* End PBXResourcesBuildPhase section */

/* Begin PBXSourcesBuildPhase section */
		8112FD7B2C7CEE8700E0B4B7 /* Sources */ = {
			isa = PBXSourcesBuildPhase;
			buildActionMask = 2147483647;
			files = (
				81DD6D942C7CF3C400520934 /* WeatherSearchViewController.swift in Sources */,
				81DD6D972C7CFA9400520934 /* WeatherSearchViewModel.swift in Sources */,
				8140CA1C2C7D23F800E54334 /* WeatherDetailsViewController.swift in Sources */,
				8112FD832C7CEE8700E0B4B7 /* AppDelegate.swift in Sources */,
				8112FD852C7CEE8700E0B4B7 /* SceneDelegate.swift in Sources */,
				8140CA172C7D16E000E54334 /* WeatherCard.swift in Sources */,
				8140CA142C7D166300E54334 /* WeatherDataClient.swift in Sources */,
				8140CA1A2C7D1AEF00E54334 /* WeatherData.swift in Sources */,
				8140CA1F2C7E613600E54334 /* APIError.swift in Sources */,
			);
			runOnlyForDeploymentPostprocessing = 0;
		};
/* End PBXSourcesBuildPhase section */

/* Begin PBXVariantGroup section */
		8112FD8D2C7CEE8900E0B4B7 /* LaunchScreen.storyboard */ = {
			isa = PBXVariantGroup;
			children = (
				8112FD8E2C7CEE8900E0B4B7 /* Base */,
			);
			name = LaunchScreen.storyboard;
			sourceTree = "<group>";
		};
/* End PBXVariantGroup section */

/* Begin XCBuildConfiguration section */
		8112FD912C7CEE8900E0B4B7 /* Debug */ = {
			isa = XCBuildConfiguration;
			buildSettings = {
				ALWAYS_SEARCH_USER_PATHS = NO;
				ASSETCATALOG_COMPILER_GENERATE_SWIFT_ASSET_SYMBOL_EXTENSIONS = YES;
				CLANG_ANALYZER_NONNULL = YES;
				CLANG_ANALYZER_NUMBER_OBJECT_CONVERSION = YES_AGGRESSIVE;
				CLANG_CXX_LANGUAGE_STANDARD = "gnu++20";
				CLANG_ENABLE_MODULES = YES;
				CLANG_ENABLE_OBJC_ARC = YES;
				CLANG_ENABLE_OBJC_WEAK = YES;
				CLANG_WARN_BLOCK_CAPTURE_AUTORELEASING = YES;
				CLANG_WARN_BOOL_CONVERSION = YES;
				CLANG_WARN_COMMA = YES;
				CLANG_WARN_CONSTANT_CONVERSION = YES;
				CLANG_WARN_DEPRECATED_OBJC_IMPLEMENTATIONS = YES;
				CLANG_WARN_DIRECT_OBJC_ISA_USAGE = YES_ERROR;
				CLANG_WARN_DOCUMENTATION_COMMENTS = YES;
				CLANG_WARN_EMPTY_BODY = YES;
				CLANG_WARN_ENUM_CONVERSION = YES;
				CLANG_WARN_INFINITE_RECURSION = YES;
				CLANG_WARN_INT_CONVERSION = YES;
				CLANG_WARN_NON_LITERAL_NULL_CONVERSION = YES;
				CLANG_WARN_OBJC_IMPLICIT_RETAIN_SELF = YES;
				CLANG_WARN_OBJC_LITERAL_CONVERSION = YES;
				CLANG_WARN_OBJC_ROOT_CLASS = YES_ERROR;
				CLANG_WARN_QUOTED_INCLUDE_IN_FRAMEWORK_HEADER = YES;
				CLANG_WARN_RANGE_LOOP_ANALYSIS = YES;
				CLANG_WARN_STRICT_PROTOTYPES = YES;
				CLANG_WARN_SUSPICIOUS_MOVE = YES;
				CLANG_WARN_UNGUARDED_AVAILABILITY = YES_AGGRESSIVE;
				CLANG_WARN_UNREACHABLE_CODE = YES;
				CLANG_WARN__DUPLICATE_METHOD_MATCH = YES;
				COPY_PHASE_STRIP = NO;
				DEBUG_INFORMATION_FORMAT = dwarf;
				ENABLE_STRICT_OBJC_MSGSEND = YES;
				ENABLE_TESTABILITY = YES;
				ENABLE_USER_SCRIPT_SANDBOXING = YES;
				GCC_C_LANGUAGE_STANDARD = gnu17;
				GCC_DYNAMIC_NO_PIC = NO;
				GCC_NO_COMMON_BLOCKS = YES;
				GCC_OPTIMIZATION_LEVEL = 0;
				GCC_PREPROCESSOR_DEFINITIONS = (
					"DEBUG=1",
					"$(inherited)",
				);
				GCC_WARN_64_TO_32_BIT_CONVERSION = YES;
				GCC_WARN_ABOUT_RETURN_TYPE = YES_ERROR;
				GCC_WARN_UNDECLARED_SELECTOR = YES;
				GCC_WARN_UNINITIALIZED_AUTOS = YES_AGGRESSIVE;
				GCC_WARN_UNUSED_FUNCTION = YES;
				GCC_WARN_UNUSED_VARIABLE = YES;
				IPHONEOS_DEPLOYMENT_TARGET = 17.5;
				LOCALIZATION_PREFERS_STRING_CATALOGS = YES;
				MTL_ENABLE_DEBUG_INFO = INCLUDE_SOURCE;
				MTL_FAST_MATH = YES;
				ONLY_ACTIVE_ARCH = YES;
				SDKROOT = iphoneos;
				SWIFT_ACTIVE_COMPILATION_CONDITIONS = "DEBUG $(inherited)";
				SWIFT_OPTIMIZATION_LEVEL = "-Onone";
			};
			name = Debug;
		};
		8112FD922C7CEE8900E0B4B7 /* Release */ = {
			isa = XCBuildConfiguration;
			buildSettings = {
				ALWAYS_SEARCH_USER_PATHS = NO;
				ASSETCATALOG_COMPILER_GENERATE_SWIFT_ASSET_SYMBOL_EXTENSIONS = YES;
				CLANG_ANALYZER_NONNULL = YES;
				CLANG_ANALYZER_NUMBER_OBJECT_CONVERSION = YES_AGGRESSIVE;
				CLANG_CXX_LANGUAGE_STANDARD = "gnu++20";
				CLANG_ENABLE_MODULES = YES;
				CLANG_ENABLE_OBJC_ARC = YES;
				CLANG_ENABLE_OBJC_WEAK = YES;
				CLANG_WARN_BLOCK_CAPTURE_AUTORELEASING = YES;
				CLANG_WARN_BOOL_CONVERSION = YES;
				CLANG_WARN_COMMA = YES;
				CLANG_WARN_CONSTANT_CONVERSION = YES;
				CLANG_WARN_DEPRECATED_OBJC_IMPLEMENTATIONS = YES;
				CLANG_WARN_DIRECT_OBJC_ISA_USAGE = YES_ERROR;
				CLANG_WARN_DOCUMENTATION_COMMENTS = YES;
				CLANG_WARN_EMPTY_BODY = YES;
				CLANG_WARN_ENUM_CONVERSION = YES;
				CLANG_WARN_INFINITE_RECURSION = YES;
				CLANG_WARN_INT_CONVERSION = YES;
				CLANG_WARN_NON_LITERAL_NULL_CONVERSION = YES;
				CLANG_WARN_OBJC_IMPLICIT_RETAIN_SELF = YES;
				CLANG_WARN_OBJC_LITERAL_CONVERSION = YES;
				CLANG_WARN_OBJC_ROOT_CLASS = YES_ERROR;
				CLANG_WARN_QUOTED_INCLUDE_IN_FRAMEWORK_HEADER = YES;
				CLANG_WARN_RANGE_LOOP_ANALYSIS = YES;
				CLANG_WARN_STRICT_PROTOTYPES = YES;
				CLANG_WARN_SUSPICIOUS_MOVE = YES;
				CLANG_WARN_UNGUARDED_AVAILABILITY = YES_AGGRESSIVE;
				CLANG_WARN_UNREACHABLE_CODE = YES;
				CLANG_WARN__DUPLICATE_METHOD_MATCH = YES;
				COPY_PHASE_STRIP = NO;
				DEBUG_INFORMATION_FORMAT = "dwarf-with-dsym";
				ENABLE_NS_ASSERTIONS = NO;
				ENABLE_STRICT_OBJC_MSGSEND = YES;
				ENABLE_USER_SCRIPT_SANDBOXING = YES;
				GCC_C_LANGUAGE_STANDARD = gnu17;
				GCC_NO_COMMON_BLOCKS = YES;
				GCC_WARN_64_TO_32_BIT_CONVERSION = YES;
				GCC_WARN_ABOUT_RETURN_TYPE = YES_ERROR;
				GCC_WARN_UNDECLARED_SELECTOR = YES;
				GCC_WARN_UNINITIALIZED_AUTOS = YES_AGGRESSIVE;
				GCC_WARN_UNUSED_FUNCTION = YES;
				GCC_WARN_UNUSED_VARIABLE = YES;
				IPHONEOS_DEPLOYMENT_TARGET = 17.5;
				LOCALIZATION_PREFERS_STRING_CATALOGS = YES;
				MTL_ENABLE_DEBUG_INFO = NO;
				MTL_FAST_MATH = YES;
				SDKROOT = iphoneos;
				SWIFT_COMPILATION_MODE = wholemodule;
				VALIDATE_PRODUCT = YES;
			};
			name = Release;
		};
		8112FD942C7CEE8900E0B4B7 /* Debug */ = {
			isa = XCBuildConfiguration;
			buildSettings = {
				ASSETCATALOG_COMPILER_APPICON_NAME = AppIcon;
				ASSETCATALOG_COMPILER_GLOBAL_ACCENT_COLOR_NAME = AccentColor;
				ASSETCATALOG_COMPILER_INCLUDE_ALL_APPICON_ASSETS = NO;
				CODE_SIGN_STYLE = Automatic;
				CURRENT_PROJECT_VERSION = 1;
				GENERATE_INFOPLIST_FILE = YES;
				INFOPLIST_FILE = WeatherApp/Info.plist;
				INFOPLIST_KEY_UIApplicationSupportsIndirectInputEvents = YES;
				INFOPLIST_KEY_UILaunchStoryboardName = LaunchScreen.storyboard;
				INFOPLIST_KEY_UISupportedInterfaceOrientations_iPad = "UIInterfaceOrientationPortrait UIInterfaceOrientationPortraitUpsideDown UIInterfaceOrientationLandscapeLeft UIInterfaceOrientationLandscapeRight";
				INFOPLIST_KEY_UISupportedInterfaceOrientations_iPhone = "UIInterfaceOrientationPortrait UIInterfaceOrientationLandscapeLeft UIInterfaceOrientationLandscapeRight";
				IPHONEOS_DEPLOYMENT_TARGET = 16.0;
				LD_RUNPATH_SEARCH_PATHS = (
					"$(inherited)",
					"@executable_path/Frameworks",
				);
				MARKETING_VERSION = 1.0;
				PRODUCT_BUNDLE_IDENTIFIER = com.linas.WeatherApp;
				PRODUCT_NAME = "$(TARGET_NAME)";
				SWIFT_EMIT_LOC_STRINGS = YES;
				SWIFT_VERSION = 5.0;
				TARGETED_DEVICE_FAMILY = "1,2";
			};
			name = Debug;
		};
		8112FD952C7CEE8900E0B4B7 /* Release */ = {
			isa = XCBuildConfiguration;
			buildSettings = {
				ASSETCATALOG_COMPILER_APPICON_NAME = AppIcon;
				ASSETCATALOG_COMPILER_GLOBAL_ACCENT_COLOR_NAME = AccentColor;
				ASSETCATALOG_COMPILER_INCLUDE_ALL_APPICON_ASSETS = NO;
				CODE_SIGN_STYLE = Automatic;
				CURRENT_PROJECT_VERSION = 1;
				GENERATE_INFOPLIST_FILE = YES;
				INFOPLIST_FILE = WeatherApp/Info.plist;
				INFOPLIST_KEY_UIApplicationSupportsIndirectInputEvents = YES;
				INFOPLIST_KEY_UILaunchStoryboardName = LaunchScreen.storyboard;
				INFOPLIST_KEY_UISupportedInterfaceOrientations_iPad = "UIInterfaceOrientationPortrait UIInterfaceOrientationPortraitUpsideDown UIInterfaceOrientationLandscapeLeft UIInterfaceOrientationLandscapeRight";
				INFOPLIST_KEY_UISupportedInterfaceOrientations_iPhone = "UIInterfaceOrientationPortrait UIInterfaceOrientationLandscapeLeft UIInterfaceOrientationLandscapeRight";
				IPHONEOS_DEPLOYMENT_TARGET = 16.0;
				LD_RUNPATH_SEARCH_PATHS = (
					"$(inherited)",
					"@executable_path/Frameworks",
				);
				MARKETING_VERSION = 1.0;
				PRODUCT_BUNDLE_IDENTIFIER = com.linas.WeatherApp;
				PRODUCT_NAME = "$(TARGET_NAME)";
				SWIFT_EMIT_LOC_STRINGS = YES;
				SWIFT_VERSION = 5.0;
				TARGETED_DEVICE_FAMILY = "1,2";
			};
			name = Release;
		};
/* End XCBuildConfiguration section */

/* Begin XCConfigurationList section */
		8112FD7A2C7CEE8700E0B4B7 /* Build configuration list for PBXProject "WeatherApp" */ = {
			isa = XCConfigurationList;
			buildConfigurations = (
				8112FD912C7CEE8900E0B4B7 /* Debug */,
				8112FD922C7CEE8900E0B4B7 /* Release */,
			);
			defaultConfigurationIsVisible = 0;
			defaultConfigurationName = Release;
		};
		8112FD932C7CEE8900E0B4B7 /* Build configuration list for PBXNativeTarget "WeatherApp" */ = {
			isa = XCConfigurationList;
			buildConfigurations = (
				8112FD942C7CEE8900E0B4B7 /* Debug */,
				8112FD952C7CEE8900E0B4B7 /* Release */,
			);
			defaultConfigurationIsVisible = 0;
			defaultConfigurationName = Release;
		};
/* End XCConfigurationList section */
	};
	rootObject = 8112FD772C7CEE8700E0B4B7 /* Project object */;
}
